
Microsoft Visual Studio Solution File, Format Version 12.00
# Visual Studio Version 16
VisualStudioVersion = 16.0.30114.105
MinimumVisualStudioVersion = 10.0.40219.1
Project("{2150E333-8FDC-42A3-9474-1A3956D46DE8}") = "src", "src", "{218F10ED-5B5E-4E03-B37E-D1DB4A6915E9}"
EndProject
Project("{2150E333-8FDC-42A3-9474-1A3956D46DE8}") = "Framework", "Framework", "{1D1C75F3-318C-49E5-A105-3B1028F5FAB1}"
EndProject
Project("{2150E333-8FDC-42A3-9474-1A3956D46DE8}") = "src", "src", "{8CE6BF9A-22F3-4795-89B6-5C16F8BD6C66}"
EndProject
Project("{FAE04EC0-301F-11D3-BF4B-00C04F79EFBC}") = "StarlightOne.Common", "src\Framework\src\StarlightOne.Common\StarlightOne.Common.csproj", "{5DE67E5F-30A6-4B2A-9AC7-16B7E24FF599}"
EndProject
Project("{FAE04EC0-301F-11D3-BF4B-00C04F79EFBC}") = "StarlightOne.Health", "src\Framework\src\StarlightOne.Health\StarlightOne.Health.csproj", "{7E23B450-EB11-4729-A464-2CF0C5221452}"
EndProject
Project("{FAE04EC0-301F-11D3-BF4B-00C04F79EFBC}") = "StarlightOne.Hosting", "src\Framework\src\StarlightOne.Hosting\StarlightOne.Hosting.csproj", "{F8D1D3E5-556C-4D6E-8A23-41F0BF40E4AC}"
EndProject
Project("{FAE04EC0-301F-11D3-BF4B-00C04F79EFBC}") = "StarlightOne.OpenApi", "src\Framework\src\StarlightOne.OpenApi\StarlightOne.OpenApi.csproj", "{D4B6FBF1-3015-4E20-AE70-89C2A372BC3D}"
EndProject
Project("{2150E333-8FDC-42A3-9474-1A3956D46DE8}") = "templates", "templates", "{FCEC3986-4010-4310-A474-5DC50D0FB559}"
EndProject
Project("{2150E333-8FDC-42A3-9474-1A3956D46DE8}") = ".files", ".files", "{1DB3D30C-A45D-4FE0-9386-238920F37C43}"
	ProjectSection(SolutionItems) = preProject
		clean.ps1 = clean.ps1
		Directory.Build.props = Directory.Build.props
		Directory.Build.targets = Directory.Build.targets
		global.json = global.json
		nuget.config = nuget.config
		README.md = README.md
		create-templates.ps1 = create-templates.ps1
		tye.yaml = tye.yaml
	EndProjectSection
EndProject
Project("{2150E333-8FDC-42A3-9474-1A3956D46DE8}") = "Starships", "Starships", "{A0FFAA6C-58B7-4D02-BABB-0F5B8E2D2733}"
EndProject
Project("{2150E333-8FDC-42A3-9474-1A3956D46DE8}") = "src", "src", "{639B493C-EFB3-4FC9-BD39-BD9A2454AA09}"
EndProject
Project("{FAE04EC0-301F-11D3-BF4B-00C04F79EFBC}") = "Starships.Command.Api", "src\Starships\src\Starships.Command.Api\Starships.Command.Api.csproj", "{4C17526F-05A0-426D-9287-7763696615BC}"
EndProject
Project("{FAE04EC0-301F-11D3-BF4B-00C04F79EFBC}") = "Starships.Command.Service", "src\Starships\src\Starships.Command.Service\Starships.Command.Service.csproj", "{DF4DD384-6A07-4932-A547-7C44E487C869}"
EndProject
Project("{2150E333-8FDC-42A3-9474-1A3956D46DE8}") = "test", "test", "{3FB20A2A-9D15-46B0-9DE8-E1CBE68BF4C3}"
EndProject
Project("{FAE04EC0-301F-11D3-BF4B-00C04F79EFBC}") = "StarlightOne.Tests.Hosting", "src\Framework\test\StarlightOne.Tests.Hosting\StarlightOne.Tests.Hosting.csproj", "{07EDEB31-AAA1-4DAD-AF7C-D010F4008B1F}"
EndProject
Project("{FAE04EC0-301F-11D3-BF4B-00C04F79EFBC}") = "Starships.Query.Api", "src\Starships\src\Starships.Query.Api\Starships.Query.Api.csproj", "{1D6CE6CE-98C9-4341-8139-655038D01F18}"
EndProject
Project("{FAE04EC0-301F-11D3-BF4B-00C04F79EFBC}") = "Starships.Query.Service", "src\Starships\src\Starships.Query.Service\Starships.Query.Service.csproj", "{706E4585-35C9-42E5-874A-F0C1218C0A5D}"
EndProject
Project("{FAE04EC0-301F-11D3-BF4B-00C04F79EFBC}") = "Starships.Domain.ReadModel", "src\Starships\src\Starships.Domain.ReadModel\Starships.Domain.ReadModel.csproj", "{DBEF454D-1D7B-4ADA-8629-5BDB6BA7DE4A}"
EndProject
Project("{FAE04EC0-301F-11D3-BF4B-00C04F79EFBC}") = "SourceGenerators", "templates\SourceGenerators\SourceGenerators.csproj", "{6556AB73-3189-4E65-904F-9F4E30F4DFD5}"
EndProject
Project("{FAE04EC0-301F-11D3-BF4B-00C04F79EFBC}") = "SourceGenerators.Tests", "templates\SourceGenerators.Tests\SourceGenerators.Tests.csproj", "{53EB6124-DAB4-4454-AF68-45233C5F126E}"
EndProject
Global
	GlobalSection(SolutionConfigurationPlatforms) = preSolution
		Debug|Any CPU = Debug|Any CPU
		Release|Any CPU = Release|Any CPU
	EndGlobalSection
	GlobalSection(SolutionProperties) = preSolution
		HideSolutionNode = FALSE
	EndGlobalSection
	GlobalSection(ProjectConfigurationPlatforms) = postSolution
		{5DE67E5F-30A6-4B2A-9AC7-16B7E24FF599}.Debug|Any CPU.ActiveCfg = Debug|Any CPU
		{5DE67E5F-30A6-4B2A-9AC7-16B7E24FF599}.Debug|Any CPU.Build.0 = Debug|Any CPU
		{5DE67E5F-30A6-4B2A-9AC7-16B7E24FF599}.Release|Any CPU.ActiveCfg = Release|Any CPU
		{5DE67E5F-30A6-4B2A-9AC7-16B7E24FF599}.Release|Any CPU.Build.0 = Release|Any CPU
		{7E23B450-EB11-4729-A464-2CF0C5221452}.Debug|Any CPU.ActiveCfg = Debug|Any CPU
		{7E23B450-EB11-4729-A464-2CF0C5221452}.Debug|Any CPU.Build.0 = Debug|Any CPU
		{7E23B450-EB11-4729-A464-2CF0C5221452}.Release|Any CPU.ActiveCfg = Release|Any CPU
		{7E23B450-EB11-4729-A464-2CF0C5221452}.Release|Any CPU.Build.0 = Release|Any CPU
		{F8D1D3E5-556C-4D6E-8A23-41F0BF40E4AC}.Debug|Any CPU.ActiveCfg = Debug|Any CPU
		{F8D1D3E5-556C-4D6E-8A23-41F0BF40E4AC}.Debug|Any CPU.Build.0 = Debug|Any CPU
		{F8D1D3E5-556C-4D6E-8A23-41F0BF40E4AC}.Release|Any CPU.ActiveCfg = Release|Any CPU
		{F8D1D3E5-556C-4D6E-8A23-41F0BF40E4AC}.Release|Any CPU.Build.0 = Release|Any CPU
		{D4B6FBF1-3015-4E20-AE70-89C2A372BC3D}.Debug|Any CPU.ActiveCfg = Debug|Any CPU
		{D4B6FBF1-3015-4E20-AE70-89C2A372BC3D}.Debug|Any CPU.Build.0 = Debug|Any CPU
		{D4B6FBF1-3015-4E20-AE70-89C2A372BC3D}.Release|Any CPU.ActiveCfg = Release|Any CPU
		{D4B6FBF1-3015-4E20-AE70-89C2A372BC3D}.Release|Any CPU.Build.0 = Release|Any CPU
		{4C17526F-05A0-426D-9287-7763696615BC}.Debug|Any CPU.ActiveCfg = Debug|Any CPU
		{4C17526F-05A0-426D-9287-7763696615BC}.Debug|Any CPU.Build.0 = Debug|Any CPU
		{4C17526F-05A0-426D-9287-7763696615BC}.Release|Any CPU.ActiveCfg = Release|Any CPU
		{4C17526F-05A0-426D-9287-7763696615BC}.Release|Any CPU.Build.0 = Release|Any CPU
		{DF4DD384-6A07-4932-A547-7C44E487C869}.Debug|Any CPU.ActiveCfg = Debug|Any CPU
		{DF4DD384-6A07-4932-A547-7C44E487C869}.Debug|Any CPU.Build.0 = Debug|Any CPU
		{DF4DD384-6A07-4932-A547-7C44E487C869}.Release|Any CPU.ActiveCfg = Release|Any CPU
		{DF4DD384-6A07-4932-A547-7C44E487C869}.Release|Any CPU.Build.0 = Release|Any CPU
		{07EDEB31-AAA1-4DAD-AF7C-D010F4008B1F}.Debug|Any CPU.ActiveCfg = Debug|Any CPU
		{07EDEB31-AAA1-4DAD-AF7C-D010F4008B1F}.Debug|Any CPU.Build.0 = Debug|Any CPU
		{07EDEB31-AAA1-4DAD-AF7C-D010F4008B1F}.Release|Any CPU.ActiveCfg = Release|Any CPU
		{07EDEB31-AAA1-4DAD-AF7C-D010F4008B1F}.Release|Any CPU.Build.0 = Release|Any CPU
		{1D6CE6CE-98C9-4341-8139-655038D01F18}.Debug|Any CPU.ActiveCfg = Debug|Any CPU
		{1D6CE6CE-98C9-4341-8139-655038D01F18}.Debug|Any CPU.Build.0 = Debug|Any CPU
		{1D6CE6CE-98C9-4341-8139-655038D01F18}.Release|Any CPU.ActiveCfg = Release|Any CPU
		{1D6CE6CE-98C9-4341-8139-655038D01F18}.Release|Any CPU.Build.0 = Release|Any CPU
		{706E4585-35C9-42E5-874A-F0C1218C0A5D}.Debug|Any CPU.ActiveCfg = Debug|Any CPU
		{706E4585-35C9-42E5-874A-F0C1218C0A5D}.Debug|Any CPU.Build.0 = Debug|Any CPU
		{706E4585-35C9-42E5-874A-F0C1218C0A5D}.Release|Any CPU.ActiveCfg = Release|Any CPU
		{706E4585-35C9-42E5-874A-F0C1218C0A5D}.Release|Any CPU.Build.0 = Release|Any CPU
		{DBEF454D-1D7B-4ADA-8629-5BDB6BA7DE4A}.Debug|Any CPU.ActiveCfg = Debug|Any CPU
		{DBEF454D-1D7B-4ADA-8629-5BDB6BA7DE4A}.Debug|Any CPU.Build.0 = Debug|Any CPU
		{DBEF454D-1D7B-4ADA-8629-5BDB6BA7DE4A}.Release|Any CPU.ActiveCfg = Release|Any CPU
		{DBEF454D-1D7B-4ADA-8629-5BDB6BA7DE4A}.Release|Any CPU.Build.0 = Release|Any CPU
		{6556AB73-3189-4E65-904F-9F4E30F4DFD5}.Debug|Any CPU.ActiveCfg = Debug|Any CPU
		{6556AB73-3189-4E65-904F-9F4E30F4DFD5}.Debug|Any CPU.Build.0 = Debug|Any CPU
		{6556AB73-3189-4E65-904F-9F4E30F4DFD5}.Release|Any CPU.ActiveCfg = Release|Any CPU
		{6556AB73-3189-4E65-904F-9F4E30F4DFD5}.Release|Any CPU.Build.0 = Release|Any CPU
		{53EB6124-DAB4-4454-AF68-45233C5F126E}.Debug|Any CPU.ActiveCfg = Debug|Any CPU
		{53EB6124-DAB4-4454-AF68-45233C5F126E}.Debug|Any CPU.Build.0 = Debug|Any CPU
		{53EB6124-DAB4-4454-AF68-45233C5F126E}.Release|Any CPU.ActiveCfg = Release|Any CPU
		{53EB6124-DAB4-4454-AF68-45233C5F126E}.Release|Any CPU.Build.0 = Release|Any CPU
	EndGlobalSection
	GlobalSection(NestedProjects) = preSolution
		{1D1C75F3-318C-49E5-A105-3B1028F5FAB1} = {218F10ED-5B5E-4E03-B37E-D1DB4A6915E9}
		{8CE6BF9A-22F3-4795-89B6-5C16F8BD6C66} = {1D1C75F3-318C-49E5-A105-3B1028F5FAB1}
		{5DE67E5F-30A6-4B2A-9AC7-16B7E24FF599} = {8CE6BF9A-22F3-4795-89B6-5C16F8BD6C66}
		{7E23B450-EB11-4729-A464-2CF0C5221452} = {8CE6BF9A-22F3-4795-89B6-5C16F8BD6C66}
		{F8D1D3E5-556C-4D6E-8A23-41F0BF40E4AC} = {8CE6BF9A-22F3-4795-89B6-5C16F8BD6C66}
		{D4B6FBF1-3015-4E20-AE70-89C2A372BC3D} = {8CE6BF9A-22F3-4795-89B6-5C16F8BD6C66}
		{A0FFAA6C-58B7-4D02-BABB-0F5B8E2D2733} = {218F10ED-5B5E-4E03-B37E-D1DB4A6915E9}
		{639B493C-EFB3-4FC9-BD39-BD9A2454AA09} = {A0FFAA6C-58B7-4D02-BABB-0F5B8E2D2733}
		{4C17526F-05A0-426D-9287-7763696615BC} = {639B493C-EFB3-4FC9-BD39-BD9A2454AA09}
		{DF4DD384-6A07-4932-A547-7C44E487C869} = {639B493C-EFB3-4FC9-BD39-BD9A2454AA09}
		{3FB20A2A-9D15-46B0-9DE8-E1CBE68BF4C3} = {1D1C75F3-318C-49E5-A105-3B1028F5FAB1}
		{07EDEB31-AAA1-4DAD-AF7C-D010F4008B1F} = {3FB20A2A-9D15-46B0-9DE8-E1CBE68BF4C3}
		{1D6CE6CE-98C9-4341-8139-655038D01F18} = {639B493C-EFB3-4FC9-BD39-BD9A2454AA09}
		{706E4585-35C9-42E5-874A-F0C1218C0A5D} = {639B493C-EFB3-4FC9-BD39-BD9A2454AA09}
		{DBEF454D-1D7B-4ADA-8629-5BDB6BA7DE4A} = {639B493C-EFB3-4FC9-BD39-BD9A2454AA09}
		{6556AB73-3189-4E65-904F-9F4E30F4DFD5} = {FCEC3986-4010-4310-A474-5DC50D0FB559}
		{53EB6124-DAB4-4454-AF68-45233C5F126E} = {FCEC3986-4010-4310-A474-5DC50D0FB559}
	EndGlobalSection
EndGlobal
